
Microsoft Visual Studio Solution File, Format Version 12.00
# Visual Studio Version 17
VisualStudioVersion = 17.9.34714.143
MinimumVisualStudioVersion = 10.0.40219.1
Project("{FAE04EC0-301F-11D3-BF4B-00C04F79EFBC}") = "SimpleChatApp", "SimpleChatApp\SimpleChatApp.csproj", "{0567F750-D05F-4C8C-8236-84DC684CCAEF}"
EndProject
Global
	GlobalSection(SolutionConfigurationPlatforms) = preSolution
		Debug|Any CPU = Debug|Any CPU
		Release|Any CPU = Release|Any CPU
	EndGlobalSection
	GlobalSection(ProjectConfigurationPlatforms) = postSolution
		{0567F750-D05F-4C8C-8236-84DC684CCAEF}.Debug|Any CPU.ActiveCfg = Debug|Any CPU
		{0567F750-D05F-4C8C-8236-84DC684CCAEF}.Debug|Any CPU.Build.0 = Debug|Any CPU
		{0567F750-D05F-4C8C-8236-84DC684CCAEF}.Release|Any CPU.ActiveCfg = Release|Any CPU
		{0567F750-D05F-4C8C-8236-84DC684CCAEF}.Release|Any CPU.Build.0 = Release|Any CPU
	EndGlobalSection
	GlobalSection(SolutionProperties) = preSolution
		HideSolutionNode = FALSE
	EndGlobalSection
	GlobalSection(ExtensibilityGlobals) = postSolution
		SolutionGuid = {31285A41-AAEE-4840-9579-33B84883B106}
	EndGlobalSection
EndGlobal
